// !$*UTF8*$!
{
	archiveVersion = 1;
	classes = {
	};
	objectVersion = 56;
	objects = {

/* Begin PBXBuildFile section */
		5DB53A4F29D5280A003CF240 /* AljerahApp.swift in Sources */ = {isa = PBXBuildFile; fileRef = 5DB53A4E29D5280A003CF240 /* AljerahApp.swift */; };
		5DB53A5629D5280A003CF240 /* Preview Assets.xcassets in Resources */ = {isa = PBXBuildFile; fileRef = 5DB53A5529D5280A003CF240 /* Preview Assets.xcassets */; };
		5DB53A5D29D52833003CF240 /* SplashScreen.swift in Sources */ = {isa = PBXBuildFile; fileRef = 5DB53A5C29D52833003CF240 /* SplashScreen.swift */; };
		5DB53A6729D52921003CF240 /* Helper.swift in Sources */ = {isa = PBXBuildFile; fileRef = 5DB53A6629D52921003CF240 /* Helper.swift */; };
		5DB53A6929D52930003CF240 /* Extensions.swift in Sources */ = {isa = PBXBuildFile; fileRef = 5DB53A6829D52930003CF240 /* Extensions.swift */; };
		5DB53A6C29D529A0003CF240 /* TabBar.swift in Sources */ = {isa = PBXBuildFile; fileRef = 5DB53A6B29D529A0003CF240 /* TabBar.swift */; };
		5DB53A6E29D52A57003CF240 /* Assets.xcassets in Resources */ = {isa = PBXBuildFile; fileRef = 5DB53A6D29D52A57003CF240 /* Assets.xcassets */; };
		5DB53A7029D52AE4003CF240 /* HomePageView.swift in Sources */ = {isa = PBXBuildFile; fileRef = 5DB53A6F29D52AE4003CF240 /* HomePageView.swift */; };
		5DB53A7229D52AF6003CF240 /* NewsView.swift in Sources */ = {isa = PBXBuildFile; fileRef = 5DB53A7129D52AF6003CF240 /* NewsView.swift */; };
		5DB53A7429D52B05003CF240 /* ProfileView.swift in Sources */ = {isa = PBXBuildFile; fileRef = 5DB53A7329D52B05003CF240 /* ProfileView.swift */; };
		5DB53A7629D52B76003CF240 /* ScrollingView.swift in Sources */ = {isa = PBXBuildFile; fileRef = 5DB53A7529D52B76003CF240 /* ScrollingView.swift */; };
		5DB53A7829D52D70003CF240 /* Modifiers.swift in Sources */ = {isa = PBXBuildFile; fileRef = 5DB53A7729D52D70003CF240 /* Modifiers.swift */; };
		5DB53A7A29D52FB7003CF240 /* SingleSelector.swift in Sources */ = {isa = PBXBuildFile; fileRef = 5DB53A7929D52FB7003CF240 /* SingleSelector.swift */; };
		5DB53A7D29D59A6D003CF240 /* ServicesModel.swift in Sources */ = {isa = PBXBuildFile; fileRef = 5DB53A7C29D59A6D003CF240 /* ServicesModel.swift */; };
		5DB53A8129D59B1D003CF240 /*  NeighborhoodServicesModel.swift in Sources */ = {isa = PBXBuildFile; fileRef = 5DB53A8029D59B1D003CF240 /*  NeighborhoodServicesModel.swift */; };
		5DB53A8629D5ED2A003CF240 /* ServicesVM.swift in Sources */ = {isa = PBXBuildFile; fileRef = 5DB53A8529D5ED2A003CF240 /* ServicesVM.swift */; };
		5DB53A8B29D63C16003CF240 /* NeighborhoodServicesView.swift in Sources */ = {isa = PBXBuildFile; fileRef = 5DB53A8A29D63C16003CF240 /* NeighborhoodServicesView.swift */; };
		5DB53A8D29D641A2003CF240 /* listView.swift in Sources */ = {isa = PBXBuildFile; fileRef = 5DB53A8C29D641A2003CF240 /* listView.swift */; };
		5DB53A8F29D64236003CF240 /* ListElement.swift in Sources */ = {isa = PBXBuildFile; fileRef = 5DB53A8E29D64236003CF240 /* ListElement.swift */; };
/* End PBXBuildFile section */

/* Begin PBXFileReference section */
		5DB53A4B29D5280A003CF240 /* Aljerah.app */ = {isa = PBXFileReference; explicitFileType = wrapper.application; includeInIndex = 0; path = Aljerah.app; sourceTree = BUILT_PRODUCTS_DIR; };
		5DB53A4E29D5280A003CF240 /* AljerahApp.swift */ = {isa = PBXFileReference; lastKnownFileType = sourcecode.swift; path = AljerahApp.swift; sourceTree = "<group>"; };
		5DB53A5529D5280A003CF240 /* Preview Assets.xcassets */ = {isa = PBXFileReference; lastKnownFileType = folder.assetcatalog; path = "Preview Assets.xcassets"; sourceTree = "<group>"; };
		5DB53A5C29D52833003CF240 /* SplashScreen.swift */ = {isa = PBXFileReference; lastKnownFileType = sourcecode.swift; path = SplashScreen.swift; sourceTree = "<group>"; };
		5DB53A6629D52921003CF240 /* Helper.swift */ = {isa = PBXFileReference; lastKnownFileType = sourcecode.swift; path = Helper.swift; sourceTree = "<group>"; };
		5DB53A6829D52930003CF240 /* Extensions.swift */ = {isa = PBXFileReference; lastKnownFileType = sourcecode.swift; path = Extensions.swift; sourceTree = "<group>"; };
		5DB53A6B29D529A0003CF240 /* TabBar.swift */ = {isa = PBXFileReference; lastKnownFileType = sourcecode.swift; path = TabBar.swift; sourceTree = "<group>"; };
		5DB53A6D29D52A57003CF240 /* Assets.xcassets */ = {isa = PBXFileReference; lastKnownFileType = folder.assetcatalog; path = Assets.xcassets; sourceTree = "<group>"; };
		5DB53A6F29D52AE4003CF240 /* HomePageView.swift */ = {isa = PBXFileReference; lastKnownFileType = sourcecode.swift; path = HomePageView.swift; sourceTree = "<group>"; };
		5DB53A7129D52AF6003CF240 /* NewsView.swift */ = {isa = PBXFileReference; lastKnownFileType = sourcecode.swift; path = NewsView.swift; sourceTree = "<group>"; };
		5DB53A7329D52B05003CF240 /* ProfileView.swift */ = {isa = PBXFileReference; lastKnownFileType = sourcecode.swift; path = ProfileView.swift; sourceTree = "<group>"; };
		5DB53A7529D52B76003CF240 /* ScrollingView.swift */ = {isa = PBXFileReference; lastKnownFileType = sourcecode.swift; path = ScrollingView.swift; sourceTree = "<group>"; };
		5DB53A7729D52D70003CF240 /* Modifiers.swift */ = {isa = PBXFileReference; lastKnownFileType = sourcecode.swift; path = Modifiers.swift; sourceTree = "<group>"; };
		5DB53A7929D52FB7003CF240 /* SingleSelector.swift */ = {isa = PBXFileReference; lastKnownFileType = sourcecode.swift; path = SingleSelector.swift; sourceTree = "<group>"; };
		5DB53A7C29D59A6D003CF240 /* ServicesModel.swift */ = {isa = PBXFileReference; lastKnownFileType = sourcecode.swift; path = ServicesModel.swift; sourceTree = "<group>"; };
		5DB53A8029D59B1D003CF240 /*  NeighborhoodServicesModel.swift */ = {isa = PBXFileReference; lastKnownFileType = sourcecode.swift; path = " NeighborhoodServicesModel.swift"; sourceTree = "<group>"; };
		5DB53A8529D5ED2A003CF240 /* ServicesVM.swift */ = {isa = PBXFileReference; lastKnownFileType = sourcecode.swift; path = ServicesVM.swift; sourceTree = "<group>"; };
		5DB53A8A29D63C16003CF240 /* NeighborhoodServicesView.swift */ = {isa = PBXFileReference; lastKnownFileType = sourcecode.swift; path = NeighborhoodServicesView.swift; sourceTree = "<group>"; };
		5DB53A8C29D641A2003CF240 /* listView.swift */ = {isa = PBXFileReference; lastKnownFileType = sourcecode.swift; path = listView.swift; sourceTree = "<group>"; };
		5DB53A8E29D64236003CF240 /* ListElement.swift */ = {isa = PBXFileReference; lastKnownFileType = sourcecode.swift; path = ListElement.swift; sourceTree = "<group>"; };
/* End PBXFileReference section */

/* Begin PBXFrameworksBuildPhase section */
		5DB53A4829D5280A003CF240 /* Frameworks */ = {
			isa = PBXFrameworksBuildPhase;
			buildActionMask = 2147483647;
			files = (
			);
			runOnlyForDeploymentPostprocessing = 0;
		};
/* End PBXFrameworksBuildPhase section */

/* Begin PBXGroup section */
		5DB53A4229D5280A003CF240 = {
			isa = PBXGroup;
			children = (
				5DB53A4D29D5280A003CF240 /* Aljerah */,
				5DB53A4C29D5280A003CF240 /* Products */,
			);
			sourceTree = "<group>";
		};
		5DB53A4C29D5280A003CF240 /* Products */ = {
			isa = PBXGroup;
			children = (
				5DB53A4B29D5280A003CF240 /* Aljerah.app */,
			);
			name = Products;
			sourceTree = "<group>";
		};
		5DB53A4D29D5280A003CF240 /* Aljerah */ = {
			isa = PBXGroup;
			children = (
				5DB53A6A29D5296B003CF240 /* View */,
				5DB53A8229D5ECD5003CF240 /* ViewModel */,
				5DB53A7B29D59A39003CF240 /* Model */,
				5DB53A6529D528F5003CF240 /* Helper */,
				5DB53A6D29D52A57003CF240 /* Assets.xcassets */,
				5DB53A5429D5280A003CF240 /* Preview Content */,
			);
			path = Aljerah;
			sourceTree = "<group>";
		};
		5DB53A5429D5280A003CF240 /* Preview Content */ = {
			isa = PBXGroup;
			children = (
				5DB53A5529D5280A003CF240 /* Preview Assets.xcassets */,
			);
			path = "Preview Content";
			sourceTree = "<group>";
		};
		5DB53A6129D528A6003CF240 /* NewsView */ = {
			isa = PBXGroup;
			children = (
				5DB53A7129D52AF6003CF240 /* NewsView.swift */,
			);
			path = NewsView;
			sourceTree = "<group>";
		};
		5DB53A6229D528B9003CF240 /* ProfileView */ = {
			isa = PBXGroup;
			children = (
				5DB53A7329D52B05003CF240 /* ProfileView.swift */,
			);
			path = ProfileView;
			sourceTree = "<group>";
		};
		5DB53A6329D528CF003CF240 /* HomeView */ = {
			isa = PBXGroup;
			children = (
				5DB53A6F29D52AE4003CF240 /* HomePageView.swift */,
				5DB53A7529D52B76003CF240 /* ScrollingView.swift */,
				5DB53A7929D52FB7003CF240 /* SingleSelector.swift */,
				5DB53A8729D63BD8003CF240 /* NeighborhoodServices */,
			);
			path = HomeView;
			sourceTree = "<group>";
		};
		5DB53A6429D528DC003CF240 /* FirstViews */ = {
			isa = PBXGroup;
			children = (
				5DB53A4E29D5280A003CF240 /* AljerahApp.swift */,
				5DB53A5C29D52833003CF240 /* SplashScreen.swift */,
				5DB53A6B29D529A0003CF240 /* TabBar.swift */,
			);
			path = FirstViews;
			sourceTree = "<group>";
		};
		5DB53A6529D528F5003CF240 /* Helper */ = {
			isa = PBXGroup;
			children = (
				5DB53A6629D52921003CF240 /* Helper.swift */,
				5DB53A6829D52930003CF240 /* Extensions.swift */,
				5DB53A7729D52D70003CF240 /* Modifiers.swift */,
			);
			path = Helper;
			sourceTree = "<group>";
		};
		5DB53A6A29D5296B003CF240 /* View */ = {
			isa = PBXGroup;
			children = (
				5DB53A6429D528DC003CF240 /* FirstViews */,
				5DB53A6329D528CF003CF240 /* HomeView */,
				5DB53A6129D528A6003CF240 /* NewsView */,
				5DB53A6229D528B9003CF240 /* ProfileView */,
			);
			path = View;
			sourceTree = "<group>";
		};
		5DB53A7B29D59A39003CF240 /* Model */ = {
			isa = PBXGroup;
			children = (
				5DB53A8029D59B1D003CF240 /*  NeighborhoodServicesModel.swift */,
				5DB53A7C29D59A6D003CF240 /* ServicesModel.swift */,
			);
			path = Model;
			sourceTree = "<group>";
		};
		5DB53A8229D5ECD5003CF240 /* ViewModel */ = {
			isa = PBXGroup;
			children = (
				5DB53A8529D5ED2A003CF240 /* ServicesVM.swift */,
			);
			path = ViewModel;
			sourceTree = "<group>";
		};
		5DB53A8729D63BD8003CF240 /* NeighborhoodServices */ = {
			isa = PBXGroup;
			children = (
				5DB53A8A29D63C16003CF240 /* NeighborhoodServicesView.swift */,
				5DB53A8C29D641A2003CF240 /* listView.swift */,
				5DB53A8E29D64236003CF240 /* ListElement.swift */,
			);
			path = NeighborhoodServices;
			sourceTree = "<group>";
		};
/* End PBXGroup section */

/* Begin PBXNativeTarget section */
		5DB53A4A29D5280A003CF240 /* Aljerah */ = {
			isa = PBXNativeTarget;
			buildConfigurationList = 5DB53A5929D5280A003CF240 /* Build configuration list for PBXNativeTarget "Aljerah" */;
			buildPhases = (
				5DB53A4729D5280A003CF240 /* Sources */,
				5DB53A4829D5280A003CF240 /* Frameworks */,
				5DB53A4929D5280A003CF240 /* Resources */,
			);
			buildRules = (
			);
			dependencies = (
			);
			name = Aljerah;
			productName = Aljerah;
			productReference = 5DB53A4B29D5280A003CF240 /* Aljerah.app */;
			productType = "com.apple.product-type.application";
		};
/* End PBXNativeTarget section */

/* Begin PBXProject section */
		5DB53A4329D5280A003CF240 /* Project object */ = {
			isa = PBXProject;
			attributes = {
				BuildIndependentTargetsInParallel = 1;
				LastSwiftUpdateCheck = 1420;
				LastUpgradeCheck = 1420;
				TargetAttributes = {
					5DB53A4A29D5280A003CF240 = {
						CreatedOnToolsVersion = 14.2;
					};
				};
			};
			buildConfigurationList = 5DB53A4629D5280A003CF240 /* Build configuration list for PBXProject "Aljerah" */;
			compatibilityVersion = "Xcode 14.0";
			developmentRegion = en;
			hasScannedForEncodings = 0;
			knownRegions = (
				en,
				Base,
			);
			mainGroup = 5DB53A4229D5280A003CF240;
			productRefGroup = 5DB53A4C29D5280A003CF240 /* Products */;
			projectDirPath = "";
			projectRoot = "";
			targets = (
				5DB53A4A29D5280A003CF240 /* Aljerah */,
			);
		};
/* End PBXProject section */

/* Begin PBXResourcesBuildPhase section */
		5DB53A4929D5280A003CF240 /* Resources */ = {
			isa = PBXResourcesBuildPhase;
			buildActionMask = 2147483647;
			files = (
				5DB53A6E29D52A57003CF240 /* Assets.xcassets in Resources */,
				5DB53A5629D5280A003CF240 /* Preview Assets.xcassets in Resources */,
			);
			runOnlyForDeploymentPostprocessing = 0;
		};
/* End PBXResourcesBuildPhase section */

/* Begin PBXSourcesBuildPhase section */
		5DB53A4729D5280A003CF240 /* Sources */ = {
			isa = PBXSourcesBuildPhase;
			buildActionMask = 2147483647;
			files = (
				5DB53A8D29D641A2003CF240 /* listView.swift in Sources */,
				5DB53A7429D52B05003CF240 /* ProfileView.swift in Sources */,
				5DB53A8629D5ED2A003CF240 /* ServicesVM.swift in Sources */,
				5DB53A7A29D52FB7003CF240 /* SingleSelector.swift in Sources */,
				5DB53A6929D52930003CF240 /* Extensions.swift in Sources */,
				5DB53A5D29D52833003CF240 /* SplashScreen.swift in Sources */,
				5DB53A4F29D5280A003CF240 /* AljerahApp.swift in Sources */,
				5DB53A7829D52D70003CF240 /* Modifiers.swift in Sources */,
				5DB53A8129D59B1D003CF240 /*  NeighborhoodServicesModel.swift in Sources */,
				5DB53A7229D52AF6003CF240 /* NewsView.swift in Sources */,
				5DB53A7D29D59A6D003CF240 /* ServicesModel.swift in Sources */,
				5DB53A6729D52921003CF240 /* Helper.swift in Sources */,
				5DB53A7029D52AE4003CF240 /* HomePageView.swift in Sources */,
				5DB53A6C29D529A0003CF240 /* TabBar.swift in Sources */,
				5DB53A8F29D64236003CF240 /* ListElement.swift in Sources */,
				5DB53A7629D52B76003CF240 /* ScrollingView.swift in Sources */,
				5DB53A8B29D63C16003CF240 /* NeighborhoodServicesView.swift in Sources */,
			);
			runOnlyForDeploymentPostprocessing = 0;
		};
/* End PBXSourcesBuildPhase section */

/* Begin XCBuildConfiguration section */
		5DB53A5729D5280A003CF240 /* Debug */ = {
			isa = XCBuildConfiguration;
			buildSettings = {
				ALWAYS_SEARCH_USER_PATHS = NO;
				CLANG_ANALYZER_NONNULL = YES;
				CLANG_ANALYZER_NUMBER_OBJECT_CONVERSION = YES_AGGRESSIVE;
				CLANG_CXX_LANGUAGE_STANDARD = "gnu++20";
				CLANG_ENABLE_MODULES = YES;
				CLANG_ENABLE_OBJC_ARC = YES;
				CLANG_ENABLE_OBJC_WEAK = YES;
				CLANG_WARN_BLOCK_CAPTURE_AUTORELEASING = YES;
				CLANG_WARN_BOOL_CONVERSION = YES;
				CLANG_WARN_COMMA = YES;
				CLANG_WARN_CONSTANT_CONVERSION = YES;
				CLANG_WARN_DEPRECATED_OBJC_IMPLEMENTATIONS = YES;
				CLANG_WARN_DIRECT_OBJC_ISA_USAGE = YES_ERROR;
				CLANG_WARN_DOCUMENTATION_COMMENTS = YES;
				CLANG_WARN_EMPTY_BODY = YES;
				CLANG_WARN_ENUM_CONVERSION = YES;
				CLANG_WARN_INFINITE_RECURSION = YES;
				CLANG_WARN_INT_CONVERSION = YES;
				CLANG_WARN_NON_LITERAL_NULL_CONVERSION = YES;
				CLANG_WARN_OBJC_IMPLICIT_RETAIN_SELF = YES;
				CLANG_WARN_OBJC_LITERAL_CONVERSION = YES;
				CLANG_WARN_OBJC_ROOT_CLASS = YES_ERROR;
				CLANG_WARN_QUOTED_INCLUDE_IN_FRAMEWORK_HEADER = YES;
				CLANG_WARN_RANGE_LOOP_ANALYSIS = YES;
				CLANG_WARN_STRICT_PROTOTYPES = YES;
				CLANG_WARN_SUSPICIOUS_MOVE = YES;
				CLANG_WARN_UNGUARDED_AVAILABILITY = YES_AGGRESSIVE;
				CLANG_WARN_UNREACHABLE_CODE = YES;
				CLANG_WARN__DUPLICATE_METHOD_MATCH = YES;
				COPY_PHASE_STRIP = NO;
				DEBUG_INFORMATION_FORMAT = dwarf;
				ENABLE_STRICT_OBJC_MSGSEND = YES;
				ENABLE_TESTABILITY = YES;
				GCC_C_LANGUAGE_STANDARD = gnu11;
				GCC_DYNAMIC_NO_PIC = NO;
				GCC_NO_COMMON_BLOCKS = YES;
				GCC_OPTIMIZATION_LEVEL = 0;
				GCC_PREPROCESSOR_DEFINITIONS = (
					"DEBUG=1",
					"$(inherited)",
				);
				GCC_WARN_64_TO_32_BIT_CONVERSION = YES;
				GCC_WARN_ABOUT_RETURN_TYPE = YES_ERROR;
				GCC_WARN_UNDECLARED_SELECTOR = YES;
				GCC_WARN_UNINITIALIZED_AUTOS = YES_AGGRESSIVE;
				GCC_WARN_UNUSED_FUNCTION = YES;
				GCC_WARN_UNUSED_VARIABLE = YES;
				IPHONEOS_DEPLOYMENT_TARGET = 16.2;
				MTL_ENABLE_DEBUG_INFO = INCLUDE_SOURCE;
				MTL_FAST_MATH = YES;
				ONLY_ACTIVE_ARCH = YES;
				SDKROOT = iphoneos;
				SWIFT_ACTIVE_COMPILATION_CONDITIONS = DEBUG;
				SWIFT_OPTIMIZATION_LEVEL = "-Onone";
			};
			name = Debug;
		};
		5DB53A5829D5280A003CF240 /* Release */ = {
			isa = XCBuildConfiguration;
			buildSettings = {
				ALWAYS_SEARCH_USER_PATHS = NO;
				CLANG_ANALYZER_NONNULL = YES;
				CLANG_ANALYZER_NUMBER_OBJECT_CONVERSION = YES_AGGRESSIVE;
				CLANG_CXX_LANGUAGE_STANDARD = "gnu++20";
				CLANG_ENABLE_MODULES = YES;
				CLANG_ENABLE_OBJC_ARC = YES;
				CLANG_ENABLE_OBJC_WEAK = YES;
				CLANG_WARN_BLOCK_CAPTURE_AUTORELEASING = YES;
				CLANG_WARN_BOOL_CONVERSION = YES;
				CLANG_WARN_COMMA = YES;
				CLANG_WARN_CONSTANT_CONVERSION = YES;
				CLANG_WARN_DEPRECATED_OBJC_IMPLEMENTATIONS = YES;
				CLANG_WARN_DIRECT_OBJC_ISA_USAGE = YES_ERROR;
				CLANG_WARN_DOCUMENTATION_COMMENTS = YES;
				CLANG_WARN_EMPTY_BODY = YES;
				CLANG_WARN_ENUM_CONVERSION = YES;
				CLANG_WARN_INFINITE_RECURSION = YES;
				CLANG_WARN_INT_CONVERSION = YES;
				CLANG_WARN_NON_LITERAL_NULL_CONVERSION = YES;
				CLANG_WARN_OBJC_IMPLICIT_RETAIN_SELF = YES;
				CLANG_WARN_OBJC_LITERAL_CONVERSION = YES;
				CLANG_WARN_OBJC_ROOT_CLASS = YES_ERROR;
				CLANG_WARN_QUOTED_INCLUDE_IN_FRAMEWORK_HEADER = YES;
				CLANG_WARN_RANGE_LOOP_ANALYSIS = YES;
				CLANG_WARN_STRICT_PROTOTYPES = YES;
				CLANG_WARN_SUSPICIOUS_MOVE = YES;
				CLANG_WARN_UNGUARDED_AVAILABILITY = YES_AGGRESSIVE;
				CLANG_WARN_UNREACHABLE_CODE = YES;
				CLANG_WARN__DUPLICATE_METHOD_MATCH = YES;
				COPY_PHASE_STRIP = NO;
				DEBUG_INFORMATION_FORMAT = "dwarf-with-dsym";
				ENABLE_NS_ASSERTIONS = NO;
				ENABLE_STRICT_OBJC_MSGSEND = YES;
				GCC_C_LANGUAGE_STANDARD = gnu11;
				GCC_NO_COMMON_BLOCKS = YES;
				GCC_WARN_64_TO_32_BIT_CONVERSION = YES;
				GCC_WARN_ABOUT_RETURN_TYPE = YES_ERROR;
				GCC_WARN_UNDECLARED_SELECTOR = YES;
				GCC_WARN_UNINITIALIZED_AUTOS = YES_AGGRESSIVE;
				GCC_WARN_UNUSED_FUNCTION = YES;
				GCC_WARN_UNUSED_VARIABLE = YES;
				IPHONEOS_DEPLOYMENT_TARGET = 16.2;
				MTL_ENABLE_DEBUG_INFO = NO;
				MTL_FAST_MATH = YES;
				SDKROOT = iphoneos;
				SWIFT_COMPILATION_MODE = wholemodule;
				SWIFT_OPTIMIZATION_LEVEL = "-O";
				VALIDATE_PRODUCT = YES;
			};
			name = Release;
		};
		5DB53A5A29D5280A003CF240 /* Debug */ = {
			isa = XCBuildConfiguration;
			buildSettings = {
				ASSETCATALOG_COMPILER_APPICON_NAME = AppIcon;
				ASSETCATALOG_COMPILER_GLOBAL_ACCENT_COLOR_NAME = AccentColor;
				CODE_SIGN_STYLE = Automatic;
				CURRENT_PROJECT_VERSION = 1;
				DEVELOPMENT_ASSET_PATHS = "\"Aljerah/Preview Content\"";
				DEVELOPMENT_TEAM = UQ5HPP32DR;
				ENABLE_PREVIEWS = YES;
				GENERATE_INFOPLIST_FILE = YES;
				INFOPLIST_KEY_UIApplicationSceneManifest_Generation = YES;
				INFOPLIST_KEY_UIApplicationSupportsIndirectInputEvents = YES;
				INFOPLIST_KEY_UILaunchScreen_Generation = YES;
				INFOPLIST_KEY_UISupportedInterfaceOrientations_iPad = "UIInterfaceOrientationPortrait UIInterfaceOrientationPortraitUpsideDown UIInterfaceOrientationLandscapeLeft UIInterfaceOrientationLandscapeRight";
				INFOPLIST_KEY_UISupportedInterfaceOrientations_iPhone = "UIInterfaceOrientationPortrait UIInterfaceOrientationLandscapeLeft UIInterfaceOrientationLandscapeRight";
				LD_RUNPATH_SEARCH_PATHS = (
					"$(inherited)",
					"@executable_path/Frameworks",
				);
				MARKETING_VERSION = 1.0;
				PRODUCT_BUNDLE_IDENTIFIER = Hoton.Aljerah;
				PRODUCT_NAME = "$(TARGET_NAME)";
				SWIFT_EMIT_LOC_STRINGS = YES;
				SWIFT_VERSION = 5.0;
				TARGETED_DEVICE_FAMILY = "1,2";
			};
			name = Debug;
		};
		5DB53A5B29D5280A003CF240 /* Release */ = {
			isa = XCBuildConfiguration;
			buildSettings = {
				ASSETCATALOG_COMPILER_APPICON_NAME = AppIcon;
				ASSETCATALOG_COMPILER_GLOBAL_ACCENT_COLOR_NAME = AccentColor;
				CODE_SIGN_STYLE = Automatic;
				CURRENT_PROJECT_VERSION = 1;
				DEVELOPMENT_ASSET_PATHS = "\"Aljerah/Preview Content\"";
				DEVELOPMENT_TEAM = UQ5HPP32DR;
				ENABLE_PREVIEWS = YES;
				GENERATE_INFOPLIST_FILE = YES;
				INFOPLIST_KEY_UIApplicationSceneManifest_Generation = YES;
				INFOPLIST_KEY_UIApplicationSupportsIndirectInputEvents = YES;
				INFOPLIST_KEY_UILaunchScreen_Generation = YES;
				INFOPLIST_KEY_UISupportedInterfaceOrientations_iPad = "UIInterfaceOrientationPortrait UIInterfaceOrientationPortraitUpsideDown UIInterfaceOrientationLandscapeLeft UIInterfaceOrientationLandscapeRight";
				INFOPLIST_KEY_UISupportedInterfaceOrientations_iPhone = "UIInterfaceOrientationPortrait UIInterfaceOrientationLandscapeLeft UIInterfaceOrientationLandscapeRight";
				LD_RUNPATH_SEARCH_PATHS = (
					"$(inherited)",
					"@executable_path/Frameworks",
				);
				MARKETING_VERSION = 1.0;
				PRODUCT_BUNDLE_IDENTIFIER = Hoton.Aljerah;
				PRODUCT_NAME = "$(TARGET_NAME)";
				SWIFT_EMIT_LOC_STRINGS = YES;
				SWIFT_VERSION = 5.0;
				TARGETED_DEVICE_FAMILY = "1,2";
			};
			name = Release;
		};
/* End XCBuildConfiguration section */

/* Begin XCConfigurationList section */
		5DB53A4629D5280A003CF240 /* Build configuration list for PBXProject "Aljerah" */ = {
			isa = XCConfigurationList;
			buildConfigurations = (
				5DB53A5729D5280A003CF240 /* Debug */,
				5DB53A5829D5280A003CF240 /* Release */,
			);
			defaultConfigurationIsVisible = 0;
			defaultConfigurationName = Release;
		};
		5DB53A5929D5280A003CF240 /* Build configuration list for PBXNativeTarget "Aljerah" */ = {
			isa = XCConfigurationList;
			buildConfigurations = (
				5DB53A5A29D5280A003CF240 /* Debug */,
				5DB53A5B29D5280A003CF240 /* Release */,
			);
			defaultConfigurationIsVisible = 0;
			defaultConfigurationName = Release;
		};
/* End XCConfigurationList section */
	};
	rootObject = 5DB53A4329D5280A003CF240 /* Project object */;
}
